
Microsoft Visual Studio Solution File, Format Version 12.00
# Visual Studio Version 17
VisualStudioVersion = 17.0.32126.317
MinimumVisualStudioVersion = 10.0.40219.1
Project("{9A19103F-16F7-4668-BE54-9A1E7A4F7556}") = "ToDoList.API", "ToDoList\ToDoList.API.csproj", "{B6B33232-B379-4037-A7A7-E14536A330AE}"
EndProject
Project("{9A19103F-16F7-4668-BE54-9A1E7A4F7556}") = "Domains", "Domain\Domains.csproj", "{1A607DEC-FE7A-4487-AB70-B7CE1ABB6BE1}"
EndProject
Project("{9A19103F-16F7-4668-BE54-9A1E7A4F7556}") = "DataAccess", "DataAccess\DataAccess.csproj", "{D774C60E-4669-48F7-8C44-CAD48D20DC59}"
EndProject
Project("{9A19103F-16F7-4668-BE54-9A1E7A4F7556}") = "Repository", "Repository\Repository.csproj", "{1F9DFB1C-3656-4E12-88F2-27F0F5518647}"
EndProject
Project("{2150E333-8FDC-42A3-9474-1A3956D46DE8}") = "Domains", "Domains", "{A7806CEF-9103-435D-9BE4-13B24C297997}"
EndProject
Project("{2150E333-8FDC-42A3-9474-1A3956D46DE8}") = "Repository", "Repository", "{489D3552-D8BE-4EDB-9342-7DCD424302F3}"
EndProject
Project("{9A19103F-16F7-4668-BE54-9A1E7A4F7556}") = "Repository.Tests", "Repository.Tests\Repository.Tests.csproj", "{FB476D99-6228-424D-BAFA-4E2D8724EBF2}"
EndProject
Project("{9A19103F-16F7-4668-BE54-9A1E7A4F7556}") = "Domains.Tests", "Domain.Tests\Domains.Tests.csproj", "{E2AC914E-8422-4CEB-BB4E-54C6DCCC468F}"
EndProject
Global
	GlobalSection(SolutionConfigurationPlatforms) = preSolution
		Debug|Any CPU = Debug|Any CPU
		Release|Any CPU = Release|Any CPU
	EndGlobalSection
	GlobalSection(ProjectConfigurationPlatforms) = postSolution
		{B6B33232-B379-4037-A7A7-E14536A330AE}.Debug|Any CPU.ActiveCfg = Debug|Any CPU
		{B6B33232-B379-4037-A7A7-E14536A330AE}.Debug|Any CPU.Build.0 = Debug|Any CPU
		{B6B33232-B379-4037-A7A7-E14536A330AE}.Release|Any CPU.ActiveCfg = Release|Any CPU
		{B6B33232-B379-4037-A7A7-E14536A330AE}.Release|Any CPU.Build.0 = Release|Any CPU
		{1A607DEC-FE7A-4487-AB70-B7CE1ABB6BE1}.Debug|Any CPU.ActiveCfg = Debug|Any CPU
		{1A607DEC-FE7A-4487-AB70-B7CE1ABB6BE1}.Debug|Any CPU.Build.0 = Debug|Any CPU
		{1A607DEC-FE7A-4487-AB70-B7CE1ABB6BE1}.Release|Any CPU.ActiveCfg = Release|Any CPU
		{1A607DEC-FE7A-4487-AB70-B7CE1ABB6BE1}.Release|Any CPU.Build.0 = Release|Any CPU
		{D774C60E-4669-48F7-8C44-CAD48D20DC59}.Debug|Any CPU.ActiveCfg = Debug|Any CPU
		{D774C60E-4669-48F7-8C44-CAD48D20DC59}.Debug|Any CPU.Build.0 = Debug|Any CPU
		{D774C60E-4669-48F7-8C44-CAD48D20DC59}.Release|Any CPU.ActiveCfg = Release|Any CPU
		{D774C60E-4669-48F7-8C44-CAD48D20DC59}.Release|Any CPU.Build.0 = Release|Any CPU
		{1F9DFB1C-3656-4E12-88F2-27F0F5518647}.Debug|Any CPU.ActiveCfg = Debug|Any CPU
		{1F9DFB1C-3656-4E12-88F2-27F0F5518647}.Debug|Any CPU.Build.0 = Debug|Any CPU
		{1F9DFB1C-3656-4E12-88F2-27F0F5518647}.Release|Any CPU.ActiveCfg = Release|Any CPU
		{1F9DFB1C-3656-4E12-88F2-27F0F5518647}.Release|Any CPU.Build.0 = Release|Any CPU
		{FB476D99-6228-424D-BAFA-4E2D8724EBF2}.Debug|Any CPU.ActiveCfg = Debug|Any CPU
		{FB476D99-6228-424D-BAFA-4E2D8724EBF2}.Debug|Any CPU.Build.0 = Debug|Any CPU
		{FB476D99-6228-424D-BAFA-4E2D8724EBF2}.Release|Any CPU.ActiveCfg = Release|Any CPU
		{FB476D99-6228-424D-BAFA-4E2D8724EBF2}.Release|Any CPU.Build.0 = Release|Any CPU
		{E2AC914E-8422-4CEB-BB4E-54C6DCCC468F}.Debug|Any CPU.ActiveCfg = Debug|Any CPU
		{E2AC914E-8422-4CEB-BB4E-54C6DCCC468F}.Debug|Any CPU.Build.0 = Debug|Any CPU
		{E2AC914E-8422-4CEB-BB4E-54C6DCCC468F}.Release|Any CPU.ActiveCfg = Release|Any CPU
		{E2AC914E-8422-4CEB-BB4E-54C6DCCC468F}.Release|Any CPU.Build.0 = Release|Any CPU
	EndGlobalSection
	GlobalSection(SolutionProperties) = preSolution
		HideSolutionNode = FALSE
	EndGlobalSection
	GlobalSection(NestedProjects) = preSolution
		{1A607DEC-FE7A-4487-AB70-B7CE1ABB6BE1} = {A7806CEF-9103-435D-9BE4-13B24C297997}
		{D774C60E-4669-48F7-8C44-CAD48D20DC59} = {489D3552-D8BE-4EDB-9342-7DCD424302F3}
		{1F9DFB1C-3656-4E12-88F2-27F0F5518647} = {489D3552-D8BE-4EDB-9342-7DCD424302F3}
		{FB476D99-6228-424D-BAFA-4E2D8724EBF2} = {489D3552-D8BE-4EDB-9342-7DCD424302F3}
		{E2AC914E-8422-4CEB-BB4E-54C6DCCC468F} = {A7806CEF-9103-435D-9BE4-13B24C297997}
	EndGlobalSection
	GlobalSection(ExtensibilityGlobals) = postSolution
		SolutionGuid = {67483A26-B28A-4162-9DC1-F8D8D3900E6C}
	EndGlobalSection
EndGlobal
